# This file is automatically @generated by Cargo.
# It is not intended for manual editing.
version = 4

[[package]]
name = "pylon"
version = "0.1.0"

[[package]]
name = "pylon-server"
version = "0.1.0"
dependencies = [
 "pylon",
]

[[package]]
name = "pylon-tests"
version = "0.1.0"
dependencies = [
 "pylon",
]
